
Microsoft Visual Studio Solution File, Format Version 12.00
# Visual Studio 15
Project("{FAE04EC0-301F-11D3-BF4B-00C04F79EFBC}") = "cms", "cms\cms.csproj", "{F40B104A-2760-4D42-A3C2-E4A3F1B99954}"
EndProject
Project("{FAE04EC0-301F-11D3-BF4B-00C04F79EFBC}") = "BethanyPieShop", "BethanyPieShop\BethanyPieShop.csproj", "{34D6D98B-CE59-4A26-9E67-E03EFC868C8D}"
EndProject
Global
	GlobalSection(SolutionConfigurationPlatforms) = preSolution
		Debug|Any CPU = Debug|Any CPU
		Release|Any CPU = Release|Any CPU
	EndGlobalSection
	GlobalSection(ProjectConfigurationPlatforms) = postSolution
		{F40B104A-2760-4D42-A3C2-E4A3F1B99954}.Debug|Any CPU.ActiveCfg = Debug|Any CPU
		{F40B104A-2760-4D42-A3C2-E4A3F1B99954}.Release|Any CPU.ActiveCfg = Release|Any CPU
		{F40B104A-2760-4D42-A3C2-E4A3F1B99954}.Release|Any CPU.Build.0 = Release|Any CPU
		{34D6D98B-CE59-4A26-9E67-E03EFC868C8D}.Debug|Any CPU.ActiveCfg = Debug|Any CPU
		{34D6D98B-CE59-4A26-9E67-E03EFC868C8D}.Debug|Any CPU.Build.0 = Debug|Any CPU
		{34D6D98B-CE59-4A26-9E67-E03EFC868C8D}.Release|Any CPU.ActiveCfg = Release|Any CPU
		{34D6D98B-CE59-4A26-9E67-E03EFC868C8D}.Release|Any CPU.Build.0 = Release|Any CPU
	EndGlobalSection
EndGlobal
